{
  "name": "tfgrid-api-client",
  "version": "0.1.6",
  "lockfileVersion": 1,
  "requires": true,
  "dependencies": {
    "ansi-styles": {
      "version": "4.3.0",
      "dev": true,
      "requires": {
        "color-convert": "^2.0.1"
      }
    },
    "chalk": {
      "version": "4.1.1",
      "dev": true,
      "requires": {
        "ansi-styles": "^4.1.0",
        "supports-color": "^7.1.0"
      }
    },
    "color-convert": {
      "version": "2.0.1",
      "dev": true,
      "requires": {
        "color-name": "~1.1.4"
      }
    },
    "color-name": {
      "version": "1.1.4",
      "dev": true
    },
    "cross-spawn": {
      "version": "7.0.3",
      "dev": true,
      "requires": {
        "path-key": "^3.1.0",
        "shebang-command": "^2.0.0",
        "which": "^2.0.1"
      }
    },
    "debug": {
      "version": "4.3.1",
      "dev": true,
      "requires": {
        "ms": "2.1.2"
      }
    },
    "doctrine": {
      "version": "3.0.0",
      "dev": true
    },
    "eslint": {
      "version": "7.13.0",
      "dev": true,
      "requires": {
        "chalk": "^4.0.0",
        "cross-spawn": "^7.0.2",
        "debug": "^4.0.1",
        "doctrine": "^3.0.0",
        "eslint-utils": "^2.1.0",
        "eslint-visitor-keys": "^2.0.0",
        "espree": "^7.3.0",
        "ignore": "^4.0.6",
        "levn": "^0.4.1",
        "optionator": "^0.9.1",
        "regexpp": "^3.1.0",
        "semver": "^7.2.1"
      },
      "dependencies": {
        "semver": {
          "version": "7.3.5",
          "dev": true
        }
      }
    },
    "eslint-config-standard": {
      "version": "16.0.2",
      "dev": true
    },
    "eslint-config-standard-jsx": {
      "version": "10.0.0",
      "dev": true
    },
    "eslint-plugin-es": {
      "version": "3.0.1",
      "dev": true,
      "requires": {
        "eslint-utils": "^2.0.0",
        "regexpp": "^3.0.0"
      }
    },
    "eslint-plugin-import": {
      "version": "2.22.1",
      "dev": true
    },
    "eslint-plugin-node": {
      "version": "11.1.0",
      "dev": true,
      "requires": {
        "eslint-plugin-es": "^3.0.0",
        "eslint-utils": "^2.0.0",
        "ignore": "^5.1.1",
        "semver": "^6.1.0"
      },
      "dependencies": {
        "ignore": {
          "version": "5.1.8",
          "dev": true
        }
      }
    },
    "eslint-plugin-react": {
      "version": "7.21.5",
      "dev": true,
      "requires": {
        "doctrine": "^2.1.0"
      },
      "dependencies": {
        "doctrine": {
          "version": "2.1.0",
          "dev": true
        }
      }
    },
    "eslint-utils": {
      "version": "2.1.0",
      "dev": true
    },
    "eslint-visitor-keys": {
      "version": "2.1.0",
      "dev": true
    },
    "espree": {
      "version": "7.3.1",
      "dev": true
    },
    "get-stdin": {
      "version": "8.0.0",
      "dev": true
    },
    "has-flag": {
      "version": "4.0.0",
      "dev": true
    },
    "ignore": {
      "version": "4.0.6",
      "dev": true
    },
    "levn": {
      "version": "0.4.1",
      "dev": true,
      "requires": {
        "prelude-ls": "^1.2.1",
        "type-check": "~0.4.0"
      }
    },
    "ms": {
      "version": "2.1.2",
      "dev": true
    },
    "optionator": {
      "version": "0.9.1",
      "dev": true,
      "requires": {
        "levn": "^0.4.1",
        "prelude-ls": "^1.2.1",
        "type-check": "^0.4.0"
      }
    },
    "path-key": {
      "version": "3.1.1",
      "dev": true
    },
    "prelude-ls": {
      "version": "1.2.1",
      "dev": true
    },
    "regexpp": {
      "version": "3.2.0",
      "dev": true
    },
    "semver": {
      "version": "6.3.0",
      "dev": true
    },
    "shebang-command": {
      "version": "2.0.0",
      "dev": true,
      "requires": {
        "shebang-regex": "^3.0.0"
      }
    },
    "shebang-regex": {
      "version": "3.0.0",
      "dev": true
    },
    "standard": {
      "version": "16.0.3",
      "dev": true,
      "requires": {
        "eslint": "~7.13.0",
        "eslint-config-standard": "16.0.2",
        "eslint-config-standard-jsx": "10.0.0",
        "eslint-plugin-import": "~2.22.1",
        "eslint-plugin-node": "~11.1.0",
        "eslint-plugin-react": "~7.21.5",
        "standard-engine": "^14.0.1"
      }
    },
    "standard-engine": {
      "version": "14.0.1",
      "dev": true,
      "requires": {
        "get-stdin": "^8.0.0"
      }
    },
    "supports-color": {
      "version": "7.2.0",
      "dev": true,
      "requires": {
        "has-flag": "^4.0.0"
      }
    },
    "type-check": {
      "version": "0.4.0",
      "dev": true,
      "requires": {
        "prelude-ls": "^1.2.1"
      }
    },
    "which": {
      "version": "2.0.2",
      "dev": true
    }
  }
}
